// !$*UTF8*$!
{
	archiveVersion = 1;
	classes = {
	};
	objectVersion = 50;
	objects = {

/* Begin PBXBuildFile section */
		5B845B5B21B8F753006F7899 /* AppDelegate.m in Sources */ = {isa = PBXBuildFile; fileRef = 5B845B5A21B8F753006F7899 /* AppDelegate.m */; };
		5B845B5E21B8F753006F7899 /* ViewController.m in Sources */ = {isa = PBXBuildFile; fileRef = 5B845B5D21B8F753006F7899 /* ViewController.m */; };
		5B845B6121B8F753006F7899 /* Main.storyboard in Resources */ = {isa = PBXBuildFile; fileRef = 5B845B5F21B8F753006F7899 /* Main.storyboard */; };
		5B845B6321B8F754006F7899 /* Assets.xcassets in Resources */ = {isa = PBXBuildFile; fileRef = 5B845B6221B8F754006F7899 /* Assets.xcassets */; };
		5B845B6621B8F754006F7899 /* LaunchScreen.storyboard in Resources */ = {isa = PBXBuildFile; fileRef = 5B845B6421B8F754006F7899 /* LaunchScreen.storyboard */; };
		5B845B6921B8F754006F7899 /* main.m in Sources */ = {isa = PBXBuildFile; fileRef = 5B845B6821B8F754006F7899 /* main.m */; };
/* End PBXBuildFile section */

/* Begin PBXFileReference section */
		5B845B5621B8F753006F7899 /* EOCMsgDemo.app */ = {isa = PBXFileReference; explicitFileType = wrapper.application; includeInIndex = 0; path = EOCMsgDemo.app; sourceTree = BUILT_PRODUCTS_DIR; };
		5B845B5921B8F753006F7899 /* AppDelegate.h */ = {isa = PBXFileReference; lastKnownFileType = sourcecode.c.h; path = AppDelegate.h; sourceTree = "<group>"; };
		5B845B5A21B8F753006F7899 /* AppDelegate.m */ = {isa = PBXFileReference; lastKnownFileType = sourcecode.c.objc; path = AppDelegate.m; sourceTree = "<group>"; };
		5B845B5C21B8F753006F7899 /* ViewController.h */ = {isa = PBXFileReference; lastKnownFileType = sourcecode.c.h; path = ViewController.h; sourceTree = "<group>"; };
		5B845B5D21B8F753006F7899 /* ViewController.m */ = {isa = PBXFileReference; lastKnownFileType = sourcecode.c.objc; path = ViewController.m; sourceTree = "<group>"; };
		5B845B6021B8F753006F7899 /* Base */ = {isa = PBXFileReference; lastKnownFileType = file.storyboard; name = Base; path = Base.lproj/Main.storyboard; sourceTree = "<group>"; };
		5B845B6221B8F754006F7899 /* Assets.xcassets */ = {isa = PBXFileReference; lastKnownFileType = folder.assetcatalog; path = Assets.xcassets; sourceTree = "<group>"; };
		5B845B6521B8F754006F7899 /* Base */ = {isa = PBXFileReference; lastKnownFileType = file.storyboard; name = Base; path = Base.lproj/LaunchScreen.storyboard; sourceTree = "<group>"; };
		5B845B6721B8F754006F7899 /* Info.plist */ = {isa = PBXFileReference; lastKnownFileType = text.plist.xml; path = Info.plist; sourceTree = "<group>"; };
		5B845B6821B8F754006F7899 /* main.m */ = {isa = PBXFileReference; lastKnownFileType = sourcecode.c.objc; path = main.m; sourceTree = "<group>"; };
/* End PBXFileReference section */

/* Begin PBXFrameworksBuildPhase section */
		5B845B5321B8F753006F7899 /* Frameworks */ = {
			isa = PBXFrameworksBuildPhase;
			buildActionMask = 2147483647;
			files = (
			);
			runOnlyForDeploymentPostprocessing = 0;
		};
/* End PBXFrameworksBuildPhase section */

/* Begin PBXGroup section */
		5B845B4D21B8F753006F7899 = {
			isa = PBXGroup;
			children = (
				5B845B5821B8F753006F7899 /* EOCMsgDemo */,
				5B845B5721B8F753006F7899 /* Products */,
			);
			sourceTree = "<group>";
		};
		5B845B5721B8F753006F7899 /* Products */ = {
			isa = PBXGroup;
			children = (
				5B845B5621B8F753006F7899 /* EOCMsgDemo.app */,
			);
			name = Products;
			sourceTree = "<group>";
		};
		5B845B5821B8F753006F7899 /* EOCMsgDemo */ = {
			isa = PBXGroup;
			children = (
				5B845B5921B8F753006F7899 /* AppDelegate.h */,
				5B845B5A21B8F753006F7899 /* AppDelegate.m */,
				5B845B5C21B8F753006F7899 /* ViewController.h */,
				5B845B5D21B8F753006F7899 /* ViewController.m */,
				5B845B5F21B8F753006F7899 /* Main.storyboard */,
				5B845B6221B8F754006F7899 /* Assets.xcassets */,
				5B845B6421B8F754006F7899 /* LaunchScreen.storyboard */,
				5B845B6721B8F754006F7899 /* Info.plist */,
				5B845B6821B8F754006F7899 /* main.m */,
			);
			path = EOCMsgDemo;
			sourceTree = "<group>";
		};
/* End PBXGroup section */

/* Begin PBXNativeTarget section */
		5B845B5521B8F753006F7899 /* EOCMsgDemo */ = {
			isa = PBXNativeTarget;
			buildConfigurationList = 5B845B6C21B8F754006F7899 /* Build configuration list for PBXNativeTarget "EOCMsgDemo" */;
			buildPhases = (
				5B845B5221B8F753006F7899 /* Sources */,
				5B845B5321B8F753006F7899 /* Frameworks */,
				5B845B5421B8F753006F7899 /* Resources */,
			);
			buildRules = (
			);
			dependencies = (
			);
			name = EOCMsgDemo;
			productName = EOCMsgDemo;
			productReference = 5B845B5621B8F753006F7899 /* EOCMsgDemo.app */;
			productType = "com.apple.product-type.application";
		};
/* End PBXNativeTarget section */

/* Begin PBXProject section */
		5B845B4E21B8F753006F7899 /* Project object */ = {
			isa = PBXProject;
			attributes = {
				LastUpgradeCheck = 1010;
				ORGANIZATIONNAME = Kuroky;
				TargetAttributes = {
					5B845B5521B8F753006F7899 = {
						CreatedOnToolsVersion = 10.1;
					};
				};
			};
			buildConfigurationList = 5B845B5121B8F753006F7899 /* Build configuration list for PBXProject "EOCMsgDemo" */;
			compatibilityVersion = "Xcode 9.3";
			developmentRegion = en;
			hasScannedForEncodings = 0;
			knownRegions = (
				en,
				Base,
			);
			mainGroup = 5B845B4D21B8F753006F7899;
			productRefGroup = 5B845B5721B8F753006F7899 /* Products */;
			projectDirPath = "";
			projectRoot = "";
			targets = (
				5B845B5521B8F753006F7899 /* EOCMsgDemo */,
			);
		};
/* End PBXProject section */

/* Begin PBXResourcesBuildPhase section */
		5B845B5421B8F753006F7899 /* Resources */ = {
			isa = PBXResourcesBuildPhase;
			buildActionMask = 2147483647;
			files = (
				5B845B6621B8F754006F7899 /* LaunchScreen.storyboard in Resources */,
				5B845B6321B8F754006F7899 /* Assets.xcassets in Resources */,
				5B845B6121B8F753006F7899 /* Main.storyboard in Resources */,
			);
			runOnlyForDeploymentPostprocessing = 0;
		};
/* End PBXResourcesBuildPhase section */

/* Begin PBXSourcesBuildPhase section */
		5B845B5221B8F753006F7899 /* Sources */ = {
			isa = PBXSourcesBuildPhase;
			buildActionMask = 2147483647;
			files = (
				5B845B5E21B8F753006F7899 /* ViewController.m in Sources */,
				5B845B6921B8F754006F7899 /* main.m in Sources */,
				5B845B5B21B8F753006F7899 /* AppDelegate.m in Sources */,
			);
			runOnlyForDeploymentPostprocessing = 0;
		};
/* End PBXSourcesBuildPhase section */

/* Begin PBXVariantGroup section */
		5B845B5F21B8F753006F7899 /* Main.storyboard */ = {
			isa = PBXVariantGroup;
			children = (
				5B845B6021B8F753006F7899 /* Base */,
			);
			name = Main.storyboard;
			sourceTree = "<group>";
		};
		5B845B6421B8F754006F7899 /* LaunchScreen.storyboard */ = {
			isa = PBXVariantGroup;
			children = (
				5B845B6521B8F754006F7899 /* Base */,
			);
			name = LaunchScreen.storyboard;
			sourceTree = "<group>";
		};
/* End PBXVariantGroup section */

/* Begin XCBuildConfiguration section */
		5B845B6A21B8F754006F7899 /* Debug */ = {
			isa = XCBuildConfiguration;
			buildSettings = {
				ALWAYS_SEARCH_USER_PATHS = NO;
				CLANG_ANALYZER_NONNULL = YES;
				CLANG_ANALYZER_NUMBER_OBJECT_CONVERSION = YES_AGGRESSIVE;
				CLANG_CXX_LANGUAGE_STANDARD = "gnu++14";
				CLANG_CXX_LIBRARY = "libc++";
				CLANG_ENABLE_MODULES = YES;
				CLANG_ENABLE_OBJC_ARC = YES;
				CLANG_ENABLE_OBJC_WEAK = YES;
				CLANG_WARN_BLOCK_CAPTURE_AUTORELEASING = YES;
				CLANG_WARN_BOOL_CONVERSION = YES;
				CLANG_WARN_COMMA = YES;
				CLANG_WARN_CONSTANT_CONVERSION = YES;
				CLANG_WARN_DEPRECATED_OBJC_IMPLEMENTATIONS = YES;
				CLANG_WARN_DIRECT_OBJC_ISA_USAGE = YES_ERROR;
				CLANG_WARN_DOCUMENTATION_COMMENTS = YES;
				CLANG_WARN_EMPTY_BODY = YES;
				CLANG_WARN_ENUM_CONVERSION = YES;
				CLANG_WARN_INFINITE_RECURSION = YES;
				CLANG_WARN_INT_CONVERSION = YES;
				CLANG_WARN_NON_LITERAL_NULL_CONVERSION = YES;
				CLANG_WARN_OBJC_IMPLICIT_RETAIN_SELF = YES;
				CLANG_WARN_OBJC_LITERAL_CONVERSION = YES;
				CLANG_WARN_OBJC_ROOT_CLASS = YES_ERROR;
				CLANG_WARN_RANGE_LOOP_ANALYSIS = YES;
				CLANG_WARN_STRICT_PROTOTYPES = YES;
				CLANG_WARN_SUSPICIOUS_MOVE = YES;
				CLANG_WARN_UNGUARDED_AVAILABILITY = YES_AGGRESSIVE;
				CLANG_WARN_UNREACHABLE_CODE = YES;
				CLANG_WARN__DUPLICATE_METHOD_MATCH = YES;
				CODE_SIGN_IDENTITY = "iPhone Developer";
				COPY_PHASE_STRIP = NO;
				DEBUG_INFORMATION_FORMAT = dwarf;
				ENABLE_STRICT_OBJC_MSGSEND = YES;
				ENABLE_TESTABILITY = YES;
				GCC_C_LANGUAGE_STANDARD = gnu11;
				GCC_DYNAMIC_NO_PIC = NO;
				GCC_NO_COMMON_BLOCKS = YES;
				GCC_OPTIMIZATION_LEVEL = 0;
				GCC_PREPROCESSOR_DEFINITIONS = (
					"DEBUG=1",
					"$(inherited)",
				);
				GCC_WARN_64_TO_32_BIT_CONVERSION = YES;
				GCC_WARN_ABOUT_RETURN_TYPE = YES_ERROR;
				GCC_WARN_UNDECLARED_SELECTOR = YES;
				GCC_WARN_UNINITIALIZED_AUTOS = YES_AGGRESSIVE;
				GCC_WARN_UNUSED_FUNCTION = YES;
				GCC_WARN_UNUSED_VARIABLE = YES;
				IPHONEOS_DEPLOYMENT_TARGET = 12.1;
				MTL_ENABLE_DEBUG_INFO = INCLUDE_SOURCE;
				MTL_FAST_MATH = YES;
				ONLY_ACTIVE_ARCH = YES;
				SDKROOT = iphoneos;
			};
			name = Debug;
		};
		5B845B6B21B8F754006F7899 /* Release */ = {
			isa = XCBuildConfiguration;
			buildSettings = {
				ALWAYS_SEARCH_USER_PATHS = NO;
				CLANG_ANALYZER_NONNULL = YES;
				CLANG_ANALYZER_NUMBER_OBJECT_CONVERSION = YES_AGGRESSIVE;
				CLANG_CXX_LANGUAGE_STANDARD = "gnu++14";
				CLANG_CXX_LIBRARY = "libc++";
				CLANG_ENABLE_MODULES = YES;
				CLANG_ENABLE_OBJC_ARC = YES;
				CLANG_ENABLE_OBJC_WEAK = YES;
				CLANG_WARN_BLOCK_CAPTURE_AUTORELEASING = YES;
				CLANG_WARN_BOOL_CONVERSION = YES;
				CLANG_WARN_COMMA = YES;
				CLANG_WARN_CONSTANT_CONVERSION = YES;
				CLANG_WARN_DEPRECATED_OBJC_IMPLEMENTATIONS = YES;
				CLANG_WARN_DIRECT_OBJC_ISA_USAGE = YES_ERROR;
				CLANG_WARN_DOCUMENTATION_COMMENTS = YES;
				CLANG_WARN_EMPTY_BODY = YES;
				CLANG_WARN_ENUM_CONVERSION = YES;
				CLANG_WARN_INFINITE_RECURSION = YES;
				CLANG_WARN_INT_CONVERSION = YES;
				CLANG_WARN_NON_LITERAL_NULL_CONVERSION = YES;
				CLANG_WARN_OBJC_IMPLICIT_RETAIN_SELF = YES;
				CLANG_WARN_OBJC_LITERAL_CONVERSION = YES;
				CLANG_WARN_OBJC_ROOT_CLASS = YES_ERROR;
				CLANG_WARN_RANGE_LOOP_ANALYSIS = YES;
				CLANG_WARN_STRICT_PROTOTYPES = YES;
				CLANG_WARN_SUSPICIOUS_MOVE = YES;
				CLANG_WARN_UNGUARDED_AVAILABILITY = YES_AGGRESSIVE;
				CLANG_WARN_UNREACHABLE_CODE = YES;
				CLANG_WARN__DUPLICATE_METHOD_MATCH = YES;
				CODE_SIGN_IDENTITY = "iPhone Developer";
				COPY_PHASE_STRIP = NO;
				DEBUG_INFORMATION_FORMAT = "dwarf-with-dsym";
				ENABLE_NS_ASSERTIONS = NO;
				ENABLE_STRICT_OBJC_MSGSEND = YES;
				GCC_C_LANGUAGE_STANDARD = gnu11;
				GCC_NO_COMMON_BLOCKS = YES;
				GCC_WARN_64_TO_32_BIT_CONVERSION = YES;
				GCC_WARN_ABOUT_RETURN_TYPE = YES_ERROR;
				GCC_WARN_UNDECLARED_SELECTOR = YES;
				GCC_WARN_UNINITIALIZED_AUTOS = YES_AGGRESSIVE;
				GCC_WARN_UNUSED_FUNCTION = YES;
				GCC_WARN_UNUSED_VARIABLE = YES;
				IPHONEOS_DEPLOYMENT_TARGET = 12.1;
				MTL_ENABLE_DEBUG_INFO = NO;
				MTL_FAST_MATH = YES;
				SDKROOT = iphoneos;
				VALIDATE_PRODUCT = YES;
			};
			name = Release;
		};
		5B845B6D21B8F754006F7899 /* Debug */ = {
			isa = XCBuildConfiguration;
			buildSettings = {
				ASSETCATALOG_COMPILER_APPICON_NAME = AppIcon;
				CODE_SIGN_STYLE = Automatic;
				DEVELOPMENT_TEAM = DCBW8CKASN;
				INFOPLIST_FILE = EOCMsgDemo/Info.plist;
				LD_RUNPATH_SEARCH_PATHS = (
					"$(inherited)",
					"@executable_path/Frameworks",
				);
				PRODUCT_BUNDLE_IDENTIFIER = com.kuroky.EOCMsgDemo;
				PRODUCT_NAME = "$(TARGET_NAME)";
				TARGETED_DEVICE_FAMILY = "1,2";
			};
			name = Debug;
		};
		5B845B6E21B8F754006F7899 /* Release */ = {
			isa = XCBuildConfiguration;
			buildSettings = {
				ASSETCATALOG_COMPILER_APPICON_NAME = AppIcon;
				CODE_SIGN_STYLE = Automatic;
				DEVELOPMENT_TEAM = DCBW8CKASN;
				INFOPLIST_FILE = EOCMsgDemo/Info.plist;
				LD_RUNPATH_SEARCH_PATHS = (
					"$(inherited)",
					"@executable_path/Frameworks",
				);
				PRODUCT_BUNDLE_IDENTIFIER = com.kuroky.EOCMsgDemo;
				PRODUCT_NAME = "$(TARGET_NAME)";
				TARGETED_DEVICE_FAMILY = "1,2";
			};
			name = Release;
		};
/* End XCBuildConfiguration section */

/* Begin XCConfigurationList section */
		5B845B5121B8F753006F7899 /* Build configuration list for PBXProject "EOCMsgDemo" */ = {
			isa = XCConfigurationList;
			buildConfigurations = (
				5B845B6A21B8F754006F7899 /* Debug */,
				5B845B6B21B8F754006F7899 /* Release */,
			);
			defaultConfigurationIsVisible = 0;
			defaultConfigurationName = Release;
		};
		5B845B6C21B8F754006F7899 /* Build configuration list for PBXNativeTarget "EOCMsgDemo" */ = {
			isa = XCConfigurationList;
			buildConfigurations = (
				5B845B6D21B8F754006F7899 /* Debug */,
				5B845B6E21B8F754006F7899 /* Release */,
			);
			defaultConfigurationIsVisible = 0;
			defaultConfigurationName = Release;
		};
/* End XCConfigurationList section */
	};
	rootObject = 5B845B4E21B8F753006F7899 /* Project object */;
}
